github.com/jpanther/congo/v2 v2.2.1 h1:h6L2HWX0XU19Q2rXiKSedeNmdjhxZ2vkT+/MWMtm5+E=
github.com/jpanther/congo/v2 v2.2.1/go.mod h1:1S7DRoO1ZYS4YUdFd1LjTkdyjQwsjFWd8TqSfz3Jd+M=
github.com/jpanther/congo/v2 v2.3.1 h1:klMXan3u9ix/OBN2jnQjdoaCkp2Qpqm/3D4G2+ccvvk=
github.com/jpanther/congo/v2 v2.3.1/go.mod h1:1S7DRoO1ZYS4YUdFd1LjTkdyjQwsjFWd8TqSfz3Jd+M=
