github.com/jpanther/congo/v2 v2.2.1 h1:h6L2HWX0XU19Q2rXiKSedeNmdjhxZ2vkT+/MWMtm5+E=
github.com/jpanther/congo/v2 v2.2.1/go.mod h1:1S7DRoO1ZYS4YUdFd1LjTkdyjQwsjFWd8TqSfz3Jd+M=
github.com/jpanther/congo/v2 v2.3.1 h1:klMXan3u9ix/OBN2jnQjdoaCkp2Qpqm/3D4G2+ccvvk=
github.com/jpanther/congo/v2 v2.3.1/go.mod h1:1S7DRoO1ZYS4YUdFd1LjTkdyjQwsjFWd8TqSfz3Jd+M=
github.com/jpanther/congo/v2 v2.5.4 h1:6SLJ5y1hXs2eu4Ce8HBT5YLLbnu0GE+CZ686p/2jRFw=
github.com/jpanther/congo/v2 v2.5.4/go.mod h1:1S7DRoO1ZYS4YUdFd1LjTkdyjQwsjFWd8TqSfz3Jd+M=
github.com/jpanther/congo/v2 v2.6.1 h1:iA8uosVsiMl3JbBSBwMvrxEibzBcDp+RIj18f/cmlDs=
github.com/jpanther/congo/v2 v2.6.1/go.mod h1:1S7DRoO1ZYS4YUdFd1LjTkdyjQwsjFWd8TqSfz3Jd+M=
github.com/jpanther/congo/v2 v2.7.6 h1:gBz+Zx6PIVgMhknn0t9uOUQA0sSBFKhH4Miox/q9xew=
github.com/jpanther/congo/v2 v2.7.6/go.mod h1:1S7DRoO1ZYS4YUdFd1LjTkdyjQwsjFWd8TqSfz3Jd+M=
github.com/jpanther/congo/v2 v2.8.0 h1:/XkKK/ywD2SgSwjeYxwx7lLXIM7tt9wS5MvUaAnv9u0=
github.com/jpanther/congo/v2 v2.8.0/go.mod h1:1S7DRoO1ZYS4YUdFd1LjTkdyjQwsjFWd8TqSfz3Jd+M=
